
Microsoft Visual Studio Solution File, Format Version 12.00
# Visual Studio Version 17
VisualStudioVersion = 17.0.32014.148
MinimumVisualStudioVersion = 10.0.40219.1
Project("{FAE04EC0-301F-11D3-BF4B-00C04F79EFBC}") = "SampleWebApi-6", "SampleWebApi-6.csproj", "{55124027-56A1-4A4F-8A6E-57E5E2F3ACA3}"
EndProject
Project("{FAE04EC0-301F-11D3-BF4B-00C04F79EFBC}") = "classADO-6", "..\classADO-6\classADO-6.csproj", "{7DD5F963-C431-48EF-9478-A585C857AA7D}"
EndProject
Global
	GlobalSection(SolutionConfigurationPlatforms) = preSolution
		Debug|Any CPU = Debug|Any CPU
		Release|Any CPU = Release|Any CPU
	EndGlobalSection
	GlobalSection(ProjectConfigurationPlatforms) = postSolution
		{55124027-56A1-4A4F-8A6E-57E5E2F3ACA3}.Debug|Any CPU.ActiveCfg = Debug|Any CPU
		{55124027-56A1-4A4F-8A6E-57E5E2F3ACA3}.Debug|Any CPU.Build.0 = Debug|Any CPU
		{55124027-56A1-4A4F-8A6E-57E5E2F3ACA3}.Release|Any CPU.ActiveCfg = Release|Any CPU
		{55124027-56A1-4A4F-8A6E-57E5E2F3ACA3}.Release|Any CPU.Build.0 = Release|Any CPU
		{7DD5F963-C431-48EF-9478-A585C857AA7D}.Debug|Any CPU.ActiveCfg = Debug|Any CPU
		{7DD5F963-C431-48EF-9478-A585C857AA7D}.Debug|Any CPU.Build.0 = Debug|Any CPU
		{7DD5F963-C431-48EF-9478-A585C857AA7D}.Release|Any CPU.ActiveCfg = Release|Any CPU
		{7DD5F963-C431-48EF-9478-A585C857AA7D}.Release|Any CPU.Build.0 = Release|Any CPU
	EndGlobalSection
	GlobalSection(SolutionProperties) = preSolution
		HideSolutionNode = FALSE
	EndGlobalSection
	GlobalSection(ExtensibilityGlobals) = postSolution
		SolutionGuid = {C26BAF88-C575-4730-B010-3E8CC979C091}
	EndGlobalSection
EndGlobal
